
Microsoft Visual Studio Solution File, Format Version 12.00
# Visual Studio Version 17
VisualStudioVersion = 17.8.34309.116
MinimumVisualStudioVersion = 10.0.40219.1
Project("{FAE04EC0-301F-11D3-BF4B-00C04F79EFBC}") = "Lab0126_CloseForm", "Lab0126_CloseForm\Lab0126_CloseForm.csproj", "{C91B3E6B-7CCD-4D1C-8030-3DE3E28C36A2}"
EndProject
Global
	GlobalSection(SolutionConfigurationPlatforms) = preSolution
		Debug|Any CPU = Debug|Any CPU
		Release|Any CPU = Release|Any CPU
	EndGlobalSection
	GlobalSection(ProjectConfigurationPlatforms) = postSolution
		{C91B3E6B-7CCD-4D1C-8030-3DE3E28C36A2}.Debug|Any CPU.ActiveCfg = Debug|Any CPU
		{C91B3E6B-7CCD-4D1C-8030-3DE3E28C36A2}.Debug|Any CPU.Build.0 = Debug|Any CPU
		{C91B3E6B-7CCD-4D1C-8030-3DE3E28C36A2}.Release|Any CPU.ActiveCfg = Release|Any CPU
		{C91B3E6B-7CCD-4D1C-8030-3DE3E28C36A2}.Release|Any CPU.Build.0 = Release|Any CPU
	EndGlobalSection
	GlobalSection(SolutionProperties) = preSolution
		HideSolutionNode = FALSE
	EndGlobalSection
	GlobalSection(ExtensibilityGlobals) = postSolution
		SolutionGuid = {DD1DB0A8-7698-4F69-A945-E3F1A17301F1}
	EndGlobalSection
EndGlobal
