
Microsoft Visual Studio Solution File, Format Version 12.00
# Visual Studio Version 17
VisualStudioVersion = 17.8.34309.116
MinimumVisualStudioVersion = 10.0.40219.1
Project("{FAE04EC0-301F-11D3-BF4B-00C04F79EFBC}") = "Lab0122_MultiUser", "Lab0122_MultiUser.csproj", "{7831B375-0663-4C70-9939-F3F4F6F9E593}"
EndProject
Global
	GlobalSection(SolutionConfigurationPlatforms) = preSolution
		Debug|Any CPU = Debug|Any CPU
		Release|Any CPU = Release|Any CPU
	EndGlobalSection
	GlobalSection(ProjectConfigurationPlatforms) = postSolution
		{7831B375-0663-4C70-9939-F3F4F6F9E593}.Debug|Any CPU.ActiveCfg = Debug|Any CPU
		{7831B375-0663-4C70-9939-F3F4F6F9E593}.Debug|Any CPU.Build.0 = Debug|Any CPU
		{7831B375-0663-4C70-9939-F3F4F6F9E593}.Release|Any CPU.ActiveCfg = Release|Any CPU
		{7831B375-0663-4C70-9939-F3F4F6F9E593}.Release|Any CPU.Build.0 = Release|Any CPU
	EndGlobalSection
	GlobalSection(SolutionProperties) = preSolution
		HideSolutionNode = FALSE
	EndGlobalSection
	GlobalSection(ExtensibilityGlobals) = postSolution
		SolutionGuid = {7DD3E11A-7D9C-4C77-AE90-C07D6357A4BA}
	EndGlobalSection
EndGlobal
