
Microsoft Visual Studio Solution File, Format Version 12.00
# Visual Studio Version 17
VisualStudioVersion = 17.8.34309.116
MinimumVisualStudioVersion = 10.0.40219.1
Project("{FAE04EC0-301F-11D3-BF4B-00C04F79EFBC}") = "Lab0125_UsingDLL", "Lab0125_UsingDLL.csproj", "{D4EC9988-E831-4514-8E13-8976214C9622}"
EndProject
Global
	GlobalSection(SolutionConfigurationPlatforms) = preSolution
		Debug|Any CPU = Debug|Any CPU
		Release|Any CPU = Release|Any CPU
	EndGlobalSection
	GlobalSection(ProjectConfigurationPlatforms) = postSolution
		{D4EC9988-E831-4514-8E13-8976214C9622}.Debug|Any CPU.ActiveCfg = Debug|Any CPU
		{D4EC9988-E831-4514-8E13-8976214C9622}.Debug|Any CPU.Build.0 = Debug|Any CPU
		{D4EC9988-E831-4514-8E13-8976214C9622}.Release|Any CPU.ActiveCfg = Release|Any CPU
		{D4EC9988-E831-4514-8E13-8976214C9622}.Release|Any CPU.Build.0 = Release|Any CPU
	EndGlobalSection
	GlobalSection(SolutionProperties) = preSolution
		HideSolutionNode = FALSE
	EndGlobalSection
	GlobalSection(ExtensibilityGlobals) = postSolution
		SolutionGuid = {7B7D5E72-0822-4A99-BCAE-6F137117AF90}
	EndGlobalSection
EndGlobal
