
Microsoft Visual Studio Solution File, Format Version 12.00
# Visual Studio Version 17
VisualStudioVersion = 17.8.34309.116
MinimumVisualStudioVersion = 10.0.40219.1
Project("{FAE04EC0-301F-11D3-BF4B-00C04F79EFBC}") = "MISIT_OOP5", "MISIT_OOP5.csproj", "{C50FC9AF-2FD7-47FA-BC57-1F6FA698A55D}"
EndProject
Global
	GlobalSection(SolutionConfigurationPlatforms) = preSolution
		Debug|Any CPU = Debug|Any CPU
		Release|Any CPU = Release|Any CPU
	EndGlobalSection
	GlobalSection(ProjectConfigurationPlatforms) = postSolution
		{C50FC9AF-2FD7-47FA-BC57-1F6FA698A55D}.Debug|Any CPU.ActiveCfg = Debug|Any CPU
		{C50FC9AF-2FD7-47FA-BC57-1F6FA698A55D}.Debug|Any CPU.Build.0 = Debug|Any CPU
		{C50FC9AF-2FD7-47FA-BC57-1F6FA698A55D}.Release|Any CPU.ActiveCfg = Release|Any CPU
		{C50FC9AF-2FD7-47FA-BC57-1F6FA698A55D}.Release|Any CPU.Build.0 = Release|Any CPU
	EndGlobalSection
	GlobalSection(SolutionProperties) = preSolution
		HideSolutionNode = FALSE
	EndGlobalSection
	GlobalSection(ExtensibilityGlobals) = postSolution
		SolutionGuid = {8ADD293D-84AC-4CA7-84BC-375FA175B790}
	EndGlobalSection
EndGlobal
