
Microsoft Visual Studio Solution File, Format Version 12.00
# Visual Studio Version 17
VisualStudioVersion = 17.8.34309.116
MinimumVisualStudioVersion = 10.0.40219.1
Project("{FAE04EC0-301F-11D3-BF4B-00C04F79EFBC}") = "Lab0117_EDM_relationship", "Lab0117_EDM_relationship.csproj", "{5EA8BCEA-9DCC-451B-A371-B574F62627BC}"
EndProject
Global
	GlobalSection(SolutionConfigurationPlatforms) = preSolution
		Debug|Any CPU = Debug|Any CPU
		Release|Any CPU = Release|Any CPU
	EndGlobalSection
	GlobalSection(ProjectConfigurationPlatforms) = postSolution
		{5EA8BCEA-9DCC-451B-A371-B574F62627BC}.Debug|Any CPU.ActiveCfg = Debug|Any CPU
		{5EA8BCEA-9DCC-451B-A371-B574F62627BC}.Debug|Any CPU.Build.0 = Debug|Any CPU
		{5EA8BCEA-9DCC-451B-A371-B574F62627BC}.Release|Any CPU.ActiveCfg = Release|Any CPU
		{5EA8BCEA-9DCC-451B-A371-B574F62627BC}.Release|Any CPU.Build.0 = Release|Any CPU
	EndGlobalSection
	GlobalSection(SolutionProperties) = preSolution
		HideSolutionNode = FALSE
	EndGlobalSection
	GlobalSection(ExtensibilityGlobals) = postSolution
		SolutionGuid = {5BB03052-201A-49DB-9EBA-1660FBAE29FF}
	EndGlobalSection
EndGlobal
